Microsoft Visual Studio Solution File, Format Version 12.00
# Visual Studio Version 17
VisualStudioVersion = 17.5.2.0
MinimumVisualStudioVersion = 10.0.40219.1
Project("{FAE04EC0-301F-11D3-BF4B-00C04F79EFBC}") = "ReactWithASP", "ReactWithASP.csproj", "{299E36D2-E6EC-12FF-94A9-C9CCAE6E6E01}"
EndProject
Global
	GlobalSection(SolutionConfigurationPlatforms) = preSolution
		Debug|Any CPU = Debug|Any CPU
		Release|Any CPU = Release|Any CPU
	EndGlobalSection
	GlobalSection(ProjectConfigurationPlatforms) = postSolution
		{299E36D2-E6EC-12FF-94A9-C9CCAE6E6E01}.Debug|Any CPU.ActiveCfg = Debug|Any CPU
		{299E36D2-E6EC-12FF-94A9-C9CCAE6E6E01}.Debug|Any CPU.Build.0 = Debug|Any CPU
		{299E36D2-E6EC-12FF-94A9-C9CCAE6E6E01}.Release|Any CPU.ActiveCfg = Release|Any CPU
		{299E36D2-E6EC-12FF-94A9-C9CCAE6E6E01}.Release|Any CPU.Build.0 = Release|Any CPU
	EndGlobalSection
	GlobalSection(SolutionProperties) = preSolution
		HideSolutionNode = FALSE
	EndGlobalSection
	GlobalSection(ExtensibilityGlobals) = postSolution
		SolutionGuid = {2A076271-6116-4001-BA9B-A65BFADBBFDE}
	EndGlobalSection
EndGlobal
